// !$*UTF8*$!
{
	archiveVersion = 1;
	classes = {
	};
	objectVersion = 55;
	objects = {

/* Begin PBXBuildFile section */
		A07F119627397558009FAD59 /* UserAView.swift in Sources */ = {isa = PBXBuildFile; fileRef = A07F119527397558009FAD59 /* UserAView.swift */; };
		A07F119827397577009FAD59 /* UserBView.swift in Sources */ = {isa = PBXBuildFile; fileRef = A07F119727397577009FAD59 /* UserBView.swift */; };
		A07F119A273975EE009FAD59 /* UserCView.swift in Sources */ = {isa = PBXBuildFile; fileRef = A07F1199273975EE009FAD59 /* UserCView.swift */; };
		A07F119C273975FB009FAD59 /* UserDView.swift in Sources */ = {isa = PBXBuildFile; fileRef = A07F119B273975FB009FAD59 /* UserDView.swift */; };
		A07F119E27397608009FAD59 /* UserEView.swift in Sources */ = {isa = PBXBuildFile; fileRef = A07F119D27397607009FAD59 /* UserEView.swift */; };
		A07F11A027397618009FAD59 /* UserFView.swift in Sources */ = {isa = PBXBuildFile; fileRef = A07F119F27397618009FAD59 /* UserFView.swift */; };
		A0815BD9273BC0EC00DE9B81 /* UserAThirdView.swift in Sources */ = {isa = PBXBuildFile; fileRef = A0815BD8273BC0EC00DE9B81 /* UserAThirdView.swift */; };
		A09FF87F273A9753003ED9FB /* UserASecondView.swift in Sources */ = {isa = PBXBuildFile; fileRef = A09FF87E273A9753003ED9FB /* UserASecondView.swift */; };
		A09FF881273A9967003ED9FB /* UserBSecondView.swift in Sources */ = {isa = PBXBuildFile; fileRef = A09FF880273A9967003ED9FB /* UserBSecondView.swift */; };
		A09FF883273A9972003ED9FB /* UserCSecondView.swift in Sources */ = {isa = PBXBuildFile; fileRef = A09FF882273A9972003ED9FB /* UserCSecondView.swift */; };
		A09FF885273A9988003ED9FB /* UserDSecondView.swift in Sources */ = {isa = PBXBuildFile; fileRef = A09FF884273A9988003ED9FB /* UserDSecondView.swift */; };
		A09FF887273A9993003ED9FB /* UserESecondView.swift in Sources */ = {isa = PBXBuildFile; fileRef = A09FF886273A9993003ED9FB /* UserESecondView.swift */; };
		A09FF889273A999E003ED9FB /* UserFSecondView.swift in Sources */ = {isa = PBXBuildFile; fileRef = A09FF888273A999E003ED9FB /* UserFSecondView.swift */; };
		A0B1FFC52737D1DD008F92D1 /* ClassStructureWrappersApp.swift in Sources */ = {isa = PBXBuildFile; fileRef = A0B1FFC42737D1DD008F92D1 /* ClassStructureWrappersApp.swift */; };
		A0B1FFC72737D1DD008F92D1 /* ContentView.swift in Sources */ = {isa = PBXBuildFile; fileRef = A0B1FFC62737D1DD008F92D1 /* ContentView.swift */; };
		A0B1FFC92737D1DE008F92D1 /* Assets.xcassets in Resources */ = {isa = PBXBuildFile; fileRef = A0B1FFC82737D1DE008F92D1 /* Assets.xcassets */; };
		A0B1FFCC2737D1DE008F92D1 /* Preview Assets.xcassets in Resources */ = {isa = PBXBuildFile; fileRef = A0B1FFCB2737D1DE008F92D1 /* Preview Assets.xcassets */; };
		A0B1FFD32737D1FB008F92D1 /* Model.swift in Sources */ = {isa = PBXBuildFile; fileRef = A0B1FFD22737D1FB008F92D1 /* Model.swift */; };
		A0B1FFD52737D6A2008F92D1 /* UsersUIView.swift in Sources */ = {isa = PBXBuildFile; fileRef = A0B1FFD42737D6A2008F92D1 /* UsersUIView.swift */; };
/* End PBXBuildFile section */

/* Begin PBXFileReference section */
		A07F119527397558009FAD59 /* UserAView.swift */ = {isa = PBXFileReference; lastKnownFileType = sourcecode.swift; path = UserAView.swift; sourceTree = "<group>"; };
		A07F119727397577009FAD59 /* UserBView.swift */ = {isa = PBXFileReference; lastKnownFileType = sourcecode.swift; path = UserBView.swift; sourceTree = "<group>"; };
		A07F1199273975EE009FAD59 /* UserCView.swift */ = {isa = PBXFileReference; lastKnownFileType = sourcecode.swift; path = UserCView.swift; sourceTree = "<group>"; };
		A07F119B273975FB009FAD59 /* UserDView.swift */ = {isa = PBXFileReference; lastKnownFileType = sourcecode.swift; path = UserDView.swift; sourceTree = "<group>"; };
		A07F119D27397607009FAD59 /* UserEView.swift */ = {isa = PBXFileReference; lastKnownFileType = sourcecode.swift; path = UserEView.swift; sourceTree = "<group>"; };
		A07F119F27397618009FAD59 /* UserFView.swift */ = {isa = PBXFileReference; lastKnownFileType = sourcecode.swift; path = UserFView.swift; sourceTree = "<group>"; };
		A0815BD8273BC0EC00DE9B81 /* UserAThirdView.swift */ = {isa = PBXFileReference; lastKnownFileType = sourcecode.swift; path = UserAThirdView.swift; sourceTree = "<group>"; };
		A09FF87E273A9753003ED9FB /* UserASecondView.swift */ = {isa = PBXFileReference; lastKnownFileType = sourcecode.swift; path = UserASecondView.swift; sourceTree = "<group>"; };
		A09FF880273A9967003ED9FB /* UserBSecondView.swift */ = {isa = PBXFileReference; lastKnownFileType = sourcecode.swift; path = UserBSecondView.swift; sourceTree = "<group>"; };
		A09FF882273A9972003ED9FB /* UserCSecondView.swift */ = {isa = PBXFileReference; lastKnownFileType = sourcecode.swift; path = UserCSecondView.swift; sourceTree = "<group>"; };
		A09FF884273A9988003ED9FB /* UserDSecondView.swift */ = {isa = PBXFileReference; lastKnownFileType = sourcecode.swift; path = UserDSecondView.swift; sourceTree = "<group>"; };
		A09FF886273A9993003ED9FB /* UserESecondView.swift */ = {isa = PBXFileReference; lastKnownFileType = sourcecode.swift; path = UserESecondView.swift; sourceTree = "<group>"; };
		A09FF888273A999E003ED9FB /* UserFSecondView.swift */ = {isa = PBXFileReference; lastKnownFileType = sourcecode.swift; path = UserFSecondView.swift; sourceTree = "<group>"; };
		A0B1FFC12737D1DD008F92D1 /* ClassStructureWrappers.app */ = {isa = PBXFileReference; explicitFileType = wrapper.application; includeInIndex = 0; path = ClassStructureWrappers.app; sourceTree = BUILT_PRODUCTS_DIR; };
		A0B1FFC42737D1DD008F92D1 /* ClassStructureWrappersApp.swift */ = {isa = PBXFileReference; lastKnownFileType = sourcecode.swift; path = ClassStructureWrappersApp.swift; sourceTree = "<group>"; };
		A0B1FFC62737D1DD008F92D1 /* ContentView.swift */ = {isa = PBXFileReference; lastKnownFileType = sourcecode.swift; path = ContentView.swift; sourceTree = "<group>"; };
		A0B1FFC82737D1DE008F92D1 /* Assets.xcassets */ = {isa = PBXFileReference; lastKnownFileType = folder.assetcatalog; path = Assets.xcassets; sourceTree = "<group>"; };
		A0B1FFCB2737D1DE008F92D1 /* Preview Assets.xcassets */ = {isa = PBXFileReference; lastKnownFileType = folder.assetcatalog; path = "Preview Assets.xcassets"; sourceTree = "<group>"; };
		A0B1FFD22737D1FB008F92D1 /* Model.swift */ = {isa = PBXFileReference; lastKnownFileType = sourcecode.swift; path = Model.swift; sourceTree = "<group>"; };
		A0B1FFD42737D6A2008F92D1 /* UsersUIView.swift */ = {isa = PBXFileReference; lastKnownFileType = sourcecode.swift; path = UsersUIView.swift; sourceTree = "<group>"; };
/* End PBXFileReference section */

/* Begin PBXFrameworksBuildPhase section */
		A0B1FFBE2737D1DD008F92D1 /* Frameworks */ = {
			isa = PBXFrameworksBuildPhase;
			buildActionMask = 2147483647;
			files = (
			);
			runOnlyForDeploymentPostprocessing = 0;
		};
/* End PBXFrameworksBuildPhase section */

/* Begin PBXGroup section */
		A07F119427397521009FAD59 /* MainViews */ = {
			isa = PBXGroup;
			children = (
				A0B1FFC62737D1DD008F92D1 /* ContentView.swift */,
				A0B1FFD42737D6A2008F92D1 /* UsersUIView.swift */,
				A07F11A127397621009FAD59 /* UsersViews */,
			);
			path = MainViews;
			sourceTree = "<group>";
		};
		A07F11A127397621009FAD59 /* UsersViews */ = {
			isa = PBXGroup;
			children = (
				A07F119527397558009FAD59 /* UserAView.swift */,
				A09FF87E273A9753003ED9FB /* UserASecondView.swift */,
				A0815BD8273BC0EC00DE9B81 /* UserAThirdView.swift */,
				A07F119727397577009FAD59 /* UserBView.swift */,
				A09FF880273A9967003ED9FB /* UserBSecondView.swift */,
				A09FF882273A9972003ED9FB /* UserCSecondView.swift */,
				A09FF884273A9988003ED9FB /* UserDSecondView.swift */,
				A09FF886273A9993003ED9FB /* UserESecondView.swift */,
				A09FF888273A999E003ED9FB /* UserFSecondView.swift */,
				A07F1199273975EE009FAD59 /* UserCView.swift */,
				A07F119B273975FB009FAD59 /* UserDView.swift */,
				A07F119D27397607009FAD59 /* UserEView.swift */,
				A07F119F27397618009FAD59 /* UserFView.swift */,
			);
			path = UsersViews;
			sourceTree = "<group>";
		};
		A0B1FFB82737D1DD008F92D1 = {
			isa = PBXGroup;
			children = (
				A0B1FFC32737D1DD008F92D1 /* ClassStructureWrappers */,
				A0B1FFC22737D1DD008F92D1 /* Products */,
			);
			sourceTree = "<group>";
		};
		A0B1FFC22737D1DD008F92D1 /* Products */ = {
			isa = PBXGroup;
			children = (
				A0B1FFC12737D1DD008F92D1 /* ClassStructureWrappers.app */,
			);
			name = Products;
			sourceTree = "<group>";
		};
		A0B1FFC32737D1DD008F92D1 /* ClassStructureWrappers */ = {
			isa = PBXGroup;
			children = (
				A0B1FFC42737D1DD008F92D1 /* ClassStructureWrappersApp.swift */,
				A07F119427397521009FAD59 /* MainViews */,
				A0B1FFD22737D1FB008F92D1 /* Model.swift */,
				A0B1FFC82737D1DE008F92D1 /* Assets.xcassets */,
				A0B1FFCA2737D1DE008F92D1 /* Preview Content */,
			);
			path = ClassStructureWrappers;
			sourceTree = "<group>";
		};
		A0B1FFCA2737D1DE008F92D1 /* Preview Content */ = {
			isa = PBXGroup;
			children = (
				A0B1FFCB2737D1DE008F92D1 /* Preview Assets.xcassets */,
			);
			path = "Preview Content";
			sourceTree = "<group>";
		};
/* End PBXGroup section */

/* Begin PBXNativeTarget section */
		A0B1FFC02737D1DD008F92D1 /* ClassStructureWrappers */ = {
			isa = PBXNativeTarget;
			buildConfigurationList = A0B1FFCF2737D1DE008F92D1 /* Build configuration list for PBXNativeTarget "ClassStructureWrappers" */;
			buildPhases = (
				A0B1FFBD2737D1DD008F92D1 /* Sources */,
				A0B1FFBE2737D1DD008F92D1 /* Frameworks */,
				A0B1FFBF2737D1DD008F92D1 /* Resources */,
			);
			buildRules = (
			);
			dependencies = (
			);
			name = ClassStructureWrappers;
			productName = ClassStructureWrappers;
			productReference = A0B1FFC12737D1DD008F92D1 /* ClassStructureWrappers.app */;
			productType = "com.apple.product-type.application";
		};
/* End PBXNativeTarget section */

/* Begin PBXProject section */
		A0B1FFB92737D1DD008F92D1 /* Project object */ = {
			isa = PBXProject;
			attributes = {
				BuildIndependentTargetsInParallel = 1;
				LastSwiftUpdateCheck = 1310;
				LastUpgradeCheck = 1310;
				TargetAttributes = {
					A0B1FFC02737D1DD008F92D1 = {
						CreatedOnToolsVersion = 13.1;
					};
				};
			};
			buildConfigurationList = A0B1FFBC2737D1DD008F92D1 /* Build configuration list for PBXProject "ClassStructureWrappers" */;
			compatibilityVersion = "Xcode 13.0";
			developmentRegion = en;
			hasScannedForEncodings = 0;
			knownRegions = (
				en,
				Base,
			);
			mainGroup = A0B1FFB82737D1DD008F92D1;
			productRefGroup = A0B1FFC22737D1DD008F92D1 /* Products */;
			projectDirPath = "";
			projectRoot = "";
			targets = (
				A0B1FFC02737D1DD008F92D1 /* ClassStructureWrappers */,
			);
		};
/* End PBXProject section */

/* Begin PBXResourcesBuildPhase section */
		A0B1FFBF2737D1DD008F92D1 /* Resources */ = {
			isa = PBXResourcesBuildPhase;
			buildActionMask = 2147483647;
			files = (
				A0B1FFCC2737D1DE008F92D1 /* Preview Assets.xcassets in Resources */,
				A0B1FFC92737D1DE008F92D1 /* Assets.xcassets in Resources */,
			);
			runOnlyForDeploymentPostprocessing = 0;
		};
/* End PBXResourcesBuildPhase section */

/* Begin PBXSourcesBuildPhase section */
		A0B1FFBD2737D1DD008F92D1 /* Sources */ = {
			isa = PBXSourcesBuildPhase;
			buildActionMask = 2147483647;
			files = (
				A07F119C273975FB009FAD59 /* UserDView.swift in Sources */,
				A0B1FFD32737D1FB008F92D1 /* Model.swift in Sources */,
				A07F11A027397618009FAD59 /* UserFView.swift in Sources */,
				A09FF883273A9972003ED9FB /* UserCSecondView.swift in Sources */,
				A0B1FFC72737D1DD008F92D1 /* ContentView.swift in Sources */,
				A0815BD9273BC0EC00DE9B81 /* UserAThirdView.swift in Sources */,
				A09FF881273A9967003ED9FB /* UserBSecondView.swift in Sources */,
				A09FF87F273A9753003ED9FB /* UserASecondView.swift in Sources */,
				A07F119E27397608009FAD59 /* UserEView.swift in Sources */,
				A0B1FFC52737D1DD008F92D1 /* ClassStructureWrappersApp.swift in Sources */,
				A0B1FFD52737D6A2008F92D1 /* UsersUIView.swift in Sources */,
				A07F119827397577009FAD59 /* UserBView.swift in Sources */,
				A07F119627397558009FAD59 /* UserAView.swift in Sources */,
				A09FF889273A999E003ED9FB /* UserFSecondView.swift in Sources */,
				A09FF885273A9988003ED9FB /* UserDSecondView.swift in Sources */,
				A07F119A273975EE009FAD59 /* UserCView.swift in Sources */,
				A09FF887273A9993003ED9FB /* UserESecondView.swift in Sources */,
			);
			runOnlyForDeploymentPostprocessing = 0;
		};
/* End PBXSourcesBuildPhase section */

/* Begin XCBuildConfiguration section */
		A0B1FFCD2737D1DE008F92D1 /* Debug */ = {
			isa = XCBuildConfiguration;
			buildSettings = {
				ALWAYS_SEARCH_USER_PATHS = NO;
				CLANG_ANALYZER_NONNULL = YES;
				CLANG_ANALYZER_NUMBER_OBJECT_CONVERSION = YES_AGGRESSIVE;
				CLANG_CXX_LANGUAGE_STANDARD = "gnu++17";
				CLANG_CXX_LIBRARY = "libc++";
				CLANG_ENABLE_MODULES = YES;
				CLANG_ENABLE_OBJC_ARC = YES;
				CLANG_ENABLE_OBJC_WEAK = YES;
				CLANG_WARN_BLOCK_CAPTURE_AUTORELEASING = YES;
				CLANG_WARN_BOOL_CONVERSION = YES;
				CLANG_WARN_COMMA = YES;
				CLANG_WARN_CONSTANT_CONVERSION = YES;
				CLANG_WARN_DEPRECATED_OBJC_IMPLEMENTATIONS = YES;
				CLANG_WARN_DIRECT_OBJC_ISA_USAGE = YES_ERROR;
				CLANG_WARN_DOCUMENTATION_COMMENTS = YES;
				CLANG_WARN_EMPTY_BODY = YES;
				CLANG_WARN_ENUM_CONVERSION = YES;
				CLANG_WARN_INFINITE_RECURSION = YES;
				CLANG_WARN_INT_CONVERSION = YES;
				CLANG_WARN_NON_LITERAL_NULL_CONVERSION = YES;
				CLANG_WARN_OBJC_IMPLICIT_RETAIN_SELF = YES;
				CLANG_WARN_OBJC_LITERAL_CONVERSION = YES;
				CLANG_WARN_OBJC_ROOT_CLASS = YES_ERROR;
				CLANG_WARN_QUOTED_INCLUDE_IN_FRAMEWORK_HEADER = YES;
				CLANG_WARN_RANGE_LOOP_ANALYSIS = YES;
				CLANG_WARN_STRICT_PROTOTYPES = YES;
				CLANG_WARN_SUSPICIOUS_MOVE = YES;
				CLANG_WARN_UNGUARDED_AVAILABILITY = YES_AGGRESSIVE;
				CLANG_WARN_UNREACHABLE_CODE = YES;
				CLANG_WARN__DUPLICATE_METHOD_MATCH = YES;
				COPY_PHASE_STRIP = NO;
				DEBUG_INFORMATION_FORMAT = dwarf;
				ENABLE_STRICT_OBJC_MSGSEND = YES;
				ENABLE_TESTABILITY = YES;
				GCC_C_LANGUAGE_STANDARD = gnu11;
				GCC_DYNAMIC_NO_PIC = NO;
				GCC_NO_COMMON_BLOCKS = YES;
				GCC_OPTIMIZATION_LEVEL = 0;
				GCC_PREPROCESSOR_DEFINITIONS = (
					"DEBUG=1",
					"$(inherited)",
				);
				GCC_WARN_64_TO_32_BIT_CONVERSION = YES;
				GCC_WARN_ABOUT_RETURN_TYPE = YES_ERROR;
				GCC_WARN_UNDECLARED_SELECTOR = YES;
				GCC_WARN_UNINITIALIZED_AUTOS = YES_AGGRESSIVE;
				GCC_WARN_UNUSED_FUNCTION = YES;
				GCC_WARN_UNUSED_VARIABLE = YES;
				IPHONEOS_DEPLOYMENT_TARGET = 15.0;
				MTL_ENABLE_DEBUG_INFO = INCLUDE_SOURCE;
				MTL_FAST_MATH = YES;
				ONLY_ACTIVE_ARCH = YES;
				SDKROOT = iphoneos;
				SWIFT_ACTIVE_COMPILATION_CONDITIONS = DEBUG;
				SWIFT_OPTIMIZATION_LEVEL = "-Onone";
			};
			name = Debug;
		};
		A0B1FFCE2737D1DE008F92D1 /* Release */ = {
			isa = XCBuildConfiguration;
			buildSettings = {
				ALWAYS_SEARCH_USER_PATHS = NO;
				CLANG_ANALYZER_NONNULL = YES;
				CLANG_ANALYZER_NUMBER_OBJECT_CONVERSION = YES_AGGRESSIVE;
				CLANG_CXX_LANGUAGE_STANDARD = "gnu++17";
				CLANG_CXX_LIBRARY = "libc++";
				CLANG_ENABLE_MODULES = YES;
				CLANG_ENABLE_OBJC_ARC = YES;
				CLANG_ENABLE_OBJC_WEAK = YES;
				CLANG_WARN_BLOCK_CAPTURE_AUTORELEASING = YES;
				CLANG_WARN_BOOL_CONVERSION = YES;
				CLANG_WARN_COMMA = YES;
				CLANG_WARN_CONSTANT_CONVERSION = YES;
				CLANG_WARN_DEPRECATED_OBJC_IMPLEMENTATIONS = YES;
				CLANG_WARN_DIRECT_OBJC_ISA_USAGE = YES_ERROR;
				CLANG_WARN_DOCUMENTATION_COMMENTS = YES;
				CLANG_WARN_EMPTY_BODY = YES;
				CLANG_WARN_ENUM_CONVERSION = YES;
				CLANG_WARN_INFINITE_RECURSION = YES;
				CLANG_WARN_INT_CONVERSION = YES;
				CLANG_WARN_NON_LITERAL_NULL_CONVERSION = YES;
				CLANG_WARN_OBJC_IMPLICIT_RETAIN_SELF = YES;
				CLANG_WARN_OBJC_LITERAL_CONVERSION = YES;
				CLANG_WARN_OBJC_ROOT_CLASS = YES_ERROR;
				CLANG_WARN_QUOTED_INCLUDE_IN_FRAMEWORK_HEADER = YES;
				CLANG_WARN_RANGE_LOOP_ANALYSIS = YES;
				CLANG_WARN_STRICT_PROTOTYPES = YES;
				CLANG_WARN_SUSPICIOUS_MOVE = YES;
				CLANG_WARN_UNGUARDED_AVAILABILITY = YES_AGGRESSIVE;
				CLANG_WARN_UNREACHABLE_CODE = YES;
				CLANG_WARN__DUPLICATE_METHOD_MATCH = YES;
				COPY_PHASE_STRIP = NO;
				DEBUG_INFORMATION_FORMAT = "dwarf-with-dsym";
				ENABLE_NS_ASSERTIONS = NO;
				ENABLE_STRICT_OBJC_MSGSEND = YES;
				GCC_C_LANGUAGE_STANDARD = gnu11;
				GCC_NO_COMMON_BLOCKS = YES;
				GCC_WARN_64_TO_32_BIT_CONVERSION = YES;
				GCC_WARN_ABOUT_RETURN_TYPE = YES_ERROR;
				GCC_WARN_UNDECLARED_SELECTOR = YES;
				GCC_WARN_UNINITIALIZED_AUTOS = YES_AGGRESSIVE;
				GCC_WARN_UNUSED_FUNCTION = YES;
				GCC_WARN_UNUSED_VARIABLE = YES;
				IPHONEOS_DEPLOYMENT_TARGET = 15.0;
				MTL_ENABLE_DEBUG_INFO = NO;
				MTL_FAST_MATH = YES;
				SDKROOT = iphoneos;
				SWIFT_COMPILATION_MODE = wholemodule;
				SWIFT_OPTIMIZATION_LEVEL = "-O";
				VALIDATE_PRODUCT = YES;
			};
			name = Release;
		};
		A0B1FFD02737D1DE008F92D1 /* Debug */ = {
			isa = XCBuildConfiguration;
			buildSettings = {
				ASSETCATALOG_COMPILER_APPICON_NAME = AppIcon;
				ASSETCATALOG_COMPILER_GLOBAL_ACCENT_COLOR_NAME = AccentColor;
				CODE_SIGN_STYLE = Automatic;
				CURRENT_PROJECT_VERSION = 1;
				DEVELOPMENT_ASSET_PATHS = "\"ClassStructureWrappers/Preview Content\"";
				ENABLE_PREVIEWS = YES;
				GENERATE_INFOPLIST_FILE = YES;
				INFOPLIST_KEY_UIApplicationSceneManifest_Generation = YES;
				INFOPLIST_KEY_UIApplicationSupportsIndirectInputEvents = YES;
				INFOPLIST_KEY_UILaunchScreen_Generation = YES;
				INFOPLIST_KEY_UISupportedInterfaceOrientations_iPad = "UIInterfaceOrientationPortrait UIInterfaceOrientationPortraitUpsideDown UIInterfaceOrientationLandscapeLeft UIInterfaceOrientationLandscapeRight";
				INFOPLIST_KEY_UISupportedInterfaceOrientations_iPhone = "UIInterfaceOrientationPortrait UIInterfaceOrientationLandscapeLeft UIInterfaceOrientationLandscapeRight";
				LD_RUNPATH_SEARCH_PATHS = (
					"$(inherited)",
					"@executable_path/Frameworks",
				);
				MARKETING_VERSION = 1.0;
				PRODUCT_BUNDLE_IDENTIFIER = "Vahtee-Boo.ClassStructureWrappers";
				PRODUCT_NAME = "$(TARGET_NAME)";
				SWIFT_EMIT_LOC_STRINGS = YES;
				SWIFT_VERSION = 5.0;
				TARGETED_DEVICE_FAMILY = "1,2";
			};
			name = Debug;
		};
		A0B1FFD12737D1DE008F92D1 /* Release */ = {
			isa = XCBuildConfiguration;
			buildSettings = {
				ASSETCATALOG_COMPILER_APPICON_NAME = AppIcon;
				ASSETCATALOG_COMPILER_GLOBAL_ACCENT_COLOR_NAME = AccentColor;
				CODE_SIGN_STYLE = Automatic;
				CURRENT_PROJECT_VERSION = 1;
				DEVELOPMENT_ASSET_PATHS = "\"ClassStructureWrappers/Preview Content\"";
				ENABLE_PREVIEWS = YES;
				GENERATE_INFOPLIST_FILE = YES;
				INFOPLIST_KEY_UIApplicationSceneManifest_Generation = YES;
				INFOPLIST_KEY_UIApplicationSupportsIndirectInputEvents = YES;
				INFOPLIST_KEY_UILaunchScreen_Generation = YES;
				INFOPLIST_KEY_UISupportedInterfaceOrientations_iPad = "UIInterfaceOrientationPortrait UIInterfaceOrientationPortraitUpsideDown UIInterfaceOrientationLandscapeLeft UIInterfaceOrientationLandscapeRight";
				INFOPLIST_KEY_UISupportedInterfaceOrientations_iPhone = "UIInterfaceOrientationPortrait UIInterfaceOrientationLandscapeLeft UIInterfaceOrientationLandscapeRight";
				LD_RUNPATH_SEARCH_PATHS = (
					"$(inherited)",
					"@executable_path/Frameworks",
				);
				MARKETING_VERSION = 1.0;
				PRODUCT_BUNDLE_IDENTIFIER = "Vahtee-Boo.ClassStructureWrappers";
				PRODUCT_NAME = "$(TARGET_NAME)";
				SWIFT_EMIT_LOC_STRINGS = YES;
				SWIFT_VERSION = 5.0;
				TARGETED_DEVICE_FAMILY = "1,2";
			};
			name = Release;
		};
/* End XCBuildConfiguration section */

/* Begin XCConfigurationList section */
		A0B1FFBC2737D1DD008F92D1 /* Build configuration list for PBXProject "ClassStructureWrappers" */ = {
			isa = XCConfigurationList;
			buildConfigurations = (
				A0B1FFCD2737D1DE008F92D1 /* Debug */,
				A0B1FFCE2737D1DE008F92D1 /* Release */,
			);
			defaultConfigurationIsVisible = 0;
			defaultConfigurationName = Release;
		};
		A0B1FFCF2737D1DE008F92D1 /* Build configuration list for PBXNativeTarget "ClassStructureWrappers" */ = {
			isa = XCConfigurationList;
			buildConfigurations = (
				A0B1FFD02737D1DE008F92D1 /* Debug */,
				A0B1FFD12737D1DE008F92D1 /* Release */,
			);
			defaultConfigurationIsVisible = 0;
			defaultConfigurationName = Release;
		};
/* End XCConfigurationList section */
	};
	rootObject = A0B1FFB92737D1DD008F92D1 /* Project object */;
}
